
Microsoft Visual Studio Solution File, Format Version 12.00
# Visual Studio 15
VisualStudioVersion = 15.0.27703.2035
MinimumVisualStudioVersion = 10.0.40219.1
Project("{8BC9CEB8-8B4A-11D0-8D11-00A0C91BC942}") = "Helpers", "helpers\Helpers.vcxproj", "{B3612C81-3DC8-435A-A6A5-7935BF5FD60C}"
EndProject
Project("{8BC9CEB8-8B4A-11D0-8D11-00A0C91BC942}") = "OTPCredentialProvider", "OTPCredentialProvider\OTPCredentialProvider.vcxproj", "{2DF895C3-D1B4-4632-8F76-F06670A0D311}"
EndProject
Project("{8BC9CEB8-8B4A-11D0-8D11-00A0C91BC942}") = "FaceRecognizeCredentialProvider", "facerecognizecredentialprovider\FaceRecognizeCredentialProvider.vcxproj", "{D143A71E-7C05-4693-9676-3520A0E1DE82}"
EndProject
Project("{8BC9CEB8-8B4A-11D0-8D11-00A0C91BC942}") = "USBKeyCredentialProvider", "usbkeycredentialprovider\USBKeyCredentialProvider.vcxproj", "{B8B121E1-8912-429B-A86A-9074AB19E008}"
EndProject
Global
	GlobalSection(SolutionConfigurationPlatforms) = preSolution
		Debug|Win32 = Debug|Win32
		Debug|x64 = Debug|x64
		Release|Win32 = Release|Win32
		Release|x64 = Release|x64
	EndGlobalSection
	GlobalSection(ProjectConfigurationPlatforms) = postSolution
		{B3612C81-3DC8-435A-A6A5-7935BF5FD60C}.Debug|Win32.ActiveCfg = Debug|Win32
		{B3612C81-3DC8-435A-A6A5-7935BF5FD60C}.Debug|Win32.Build.0 = Debug|Win32
		{B3612C81-3DC8-435A-A6A5-7935BF5FD60C}.Debug|x64.ActiveCfg = Debug|x64
		{B3612C81-3DC8-435A-A6A5-7935BF5FD60C}.Debug|x64.Build.0 = Debug|x64
		{B3612C81-3DC8-435A-A6A5-7935BF5FD60C}.Release|Win32.ActiveCfg = Release|Win32
		{B3612C81-3DC8-435A-A6A5-7935BF5FD60C}.Release|Win32.Build.0 = Release|Win32
		{B3612C81-3DC8-435A-A6A5-7935BF5FD60C}.Release|x64.ActiveCfg = Release|x64
		{B3612C81-3DC8-435A-A6A5-7935BF5FD60C}.Release|x64.Build.0 = Release|x64
		{2DF895C3-D1B4-4632-8F76-F06670A0D311}.Debug|Win32.ActiveCfg = Debug|Win32
		{2DF895C3-D1B4-4632-8F76-F06670A0D311}.Debug|Win32.Build.0 = Debug|Win32
		{2DF895C3-D1B4-4632-8F76-F06670A0D311}.Debug|x64.ActiveCfg = Debug|x64
		{2DF895C3-D1B4-4632-8F76-F06670A0D311}.Debug|x64.Build.0 = Debug|x64
		{2DF895C3-D1B4-4632-8F76-F06670A0D311}.Release|Win32.ActiveCfg = Release|Win32
		{2DF895C3-D1B4-4632-8F76-F06670A0D311}.Release|Win32.Build.0 = Release|Win32
		{2DF895C3-D1B4-4632-8F76-F06670A0D311}.Release|x64.ActiveCfg = Release|x64
		{2DF895C3-D1B4-4632-8F76-F06670A0D311}.Release|x64.Build.0 = Release|x64
		{D143A71E-7C05-4693-9676-3520A0E1DE82}.Debug|Win32.ActiveCfg = Debug|Win32
		{D143A71E-7C05-4693-9676-3520A0E1DE82}.Debug|Win32.Build.0 = Debug|Win32
		{D143A71E-7C05-4693-9676-3520A0E1DE82}.Debug|x64.ActiveCfg = Debug|x64
		{D143A71E-7C05-4693-9676-3520A0E1DE82}.Debug|x64.Build.0 = Debug|x64
		{D143A71E-7C05-4693-9676-3520A0E1DE82}.Release|Win32.ActiveCfg = Release|Win32
		{D143A71E-7C05-4693-9676-3520A0E1DE82}.Release|Win32.Build.0 = Release|Win32
		{D143A71E-7C05-4693-9676-3520A0E1DE82}.Release|x64.ActiveCfg = Release|x64
		{D143A71E-7C05-4693-9676-3520A0E1DE82}.Release|x64.Build.0 = Release|x64
		{B8B121E1-8912-429B-A86A-9074AB19E008}.Debug|Win32.ActiveCfg = Debug|Win32
		{B8B121E1-8912-429B-A86A-9074AB19E008}.Debug|Win32.Build.0 = Debug|Win32
		{B8B121E1-8912-429B-A86A-9074AB19E008}.Debug|x64.ActiveCfg = Debug|x64
		{B8B121E1-8912-429B-A86A-9074AB19E008}.Debug|x64.Build.0 = Debug|x64
		{B8B121E1-8912-429B-A86A-9074AB19E008}.Release|Win32.ActiveCfg = Release|Win32
		{B8B121E1-8912-429B-A86A-9074AB19E008}.Release|Win32.Build.0 = Release|Win32
		{B8B121E1-8912-429B-A86A-9074AB19E008}.Release|x64.ActiveCfg = Release|x64
		{B8B121E1-8912-429B-A86A-9074AB19E008}.Release|x64.Build.0 = Release|x64
	EndGlobalSection
	GlobalSection(SolutionProperties) = preSolution
		HideSolutionNode = FALSE
	EndGlobalSection
	GlobalSection(ExtensibilityGlobals) = postSolution
		SolutionGuid = {EC69957C-EF7F-4090-A60E-73B63A316F56}
	EndGlobalSection
EndGlobal
